
Microsoft Visual Studio Solution File, Format Version 12.00
# Visual Studio Version 16
VisualStudioVersion = 16.0.31702.278
MinimumVisualStudioVersion = 10.0.40219.1
Project("{FAE04EC0-301F-11D3-BF4B-00C04F79EFBC}") = "Final Project Kereta", "Final Project Kereta\Final Project Kereta.csproj", "{E1A97AB7-D88A-4A3B-9115-D48786D8DBCC}"
EndProject
Global
	GlobalSection(SolutionConfigurationPlatforms) = preSolution
		Debug|Any CPU = Debug|Any CPU
		Release|Any CPU = Release|Any CPU
	EndGlobalSection
	GlobalSection(ProjectConfigurationPlatforms) = postSolution
		{E1A97AB7-D88A-4A3B-9115-D48786D8DBCC}.Debug|Any CPU.ActiveCfg = Debug|Any CPU
		{E1A97AB7-D88A-4A3B-9115-D48786D8DBCC}.Debug|Any CPU.Build.0 = Debug|Any CPU
		{E1A97AB7-D88A-4A3B-9115-D48786D8DBCC}.Release|Any CPU.ActiveCfg = Release|Any CPU
		{E1A97AB7-D88A-4A3B-9115-D48786D8DBCC}.Release|Any CPU.Build.0 = Release|Any CPU
	EndGlobalSection
	GlobalSection(SolutionProperties) = preSolution
		HideSolutionNode = FALSE
	EndGlobalSection
	GlobalSection(ExtensibilityGlobals) = postSolution
		SolutionGuid = {A8410388-5B18-4D1B-931B-EDEA0AFD3CD1}
	EndGlobalSection
EndGlobal
